
Microsoft Visual Studio Solution File, Format Version 12.00
# Visual Studio Version 16
VisualStudioVersion = 16.0.30804.86
MinimumVisualStudioVersion = 10.0.40219.1
Project("{FAE04EC0-301F-11D3-BF4B-00C04F79EFBC}") = "ParkingLot", "ParkingLot.csproj", "{A7B52F39-AB89-4399-84B3-6BBB6ED19B72}"
EndProject
Project("{FAE04EC0-301F-11D3-BF4B-00C04F79EFBC}") = "ParkingLotTests", "..\ParkingLotTests\ParkingLotTests.csproj", "{4CF2A669-30C9-4130-9CD4-09CAD4777373}"
EndProject
Global
	GlobalSection(SolutionConfigurationPlatforms) = preSolution
		Debug|Any CPU = Debug|Any CPU
		Release|Any CPU = Release|Any CPU
	EndGlobalSection
	GlobalSection(ProjectConfigurationPlatforms) = postSolution
		{A7B52F39-AB89-4399-84B3-6BBB6ED19B72}.Debug|Any CPU.ActiveCfg = Debug|Any CPU
		{A7B52F39-AB89-4399-84B3-6BBB6ED19B72}.Debug|Any CPU.Build.0 = Debug|Any CPU
		{A7B52F39-AB89-4399-84B3-6BBB6ED19B72}.Release|Any CPU.ActiveCfg = Release|Any CPU
		{A7B52F39-AB89-4399-84B3-6BBB6ED19B72}.Release|Any CPU.Build.0 = Release|Any CPU
		{4CF2A669-30C9-4130-9CD4-09CAD4777373}.Debug|Any CPU.ActiveCfg = Debug|Any CPU
		{4CF2A669-30C9-4130-9CD4-09CAD4777373}.Debug|Any CPU.Build.0 = Debug|Any CPU
		{4CF2A669-30C9-4130-9CD4-09CAD4777373}.Release|Any CPU.ActiveCfg = Release|Any CPU
		{4CF2A669-30C9-4130-9CD4-09CAD4777373}.Release|Any CPU.Build.0 = Release|Any CPU
	EndGlobalSection
	GlobalSection(SolutionProperties) = preSolution
		HideSolutionNode = FALSE
	EndGlobalSection
	GlobalSection(ExtensibilityGlobals) = postSolution
		SolutionGuid = {EB265DD7-0BA2-4FD3-B4D0-1CBEC56E6893}
	EndGlobalSection
EndGlobal
